
Microsoft Visual Studio Solution File, Format Version 12.00
# Visual Studio Version 17
VisualStudioVersion = 17.10.35013.160
MinimumVisualStudioVersion = 10.0.40219.1
Project("{FAE04EC0-301F-11D3-BF4B-00C04F79EFBC}") = "华蓝Day01", "华蓝Day01.csproj", "{3F590BF7-049D-4ADE-8329-D77623BD63C3}"
EndProject
Global
	GlobalSection(SolutionConfigurationPlatforms) = preSolution
		Debug|Any CPU = Debug|Any CPU
		Release|Any CPU = Release|Any CPU
	EndGlobalSection
	GlobalSection(ProjectConfigurationPlatforms) = postSolution
		{3F590BF7-049D-4ADE-8329-D77623BD63C3}.Debug|Any CPU.ActiveCfg = Debug|Any CPU
		{3F590BF7-049D-4ADE-8329-D77623BD63C3}.Debug|Any CPU.Build.0 = Debug|Any CPU
		{3F590BF7-049D-4ADE-8329-D77623BD63C3}.Release|Any CPU.ActiveCfg = Release|Any CPU
		{3F590BF7-049D-4ADE-8329-D77623BD63C3}.Release|Any CPU.Build.0 = Release|Any CPU
	EndGlobalSection
	GlobalSection(SolutionProperties) = preSolution
		HideSolutionNode = FALSE
	EndGlobalSection
	GlobalSection(ExtensibilityGlobals) = postSolution
		SolutionGuid = {C0AA80EB-C7EB-464C-A0CE-16595CC4261B}
	EndGlobalSection
EndGlobal
