
Microsoft Visual Studio Solution File, Format Version 12.00
# Visual Studio Version 17
VisualStudioVersion = 17.10.35013.160
MinimumVisualStudioVersion = 10.0.40219.1
Project("{FAE04EC0-301F-11D3-BF4B-00C04F79EFBC}") = "ConsoleHelloWorld1", "ConsoleHelloWorld1.csproj", "{5994CA20-4263-4669-B9D7-CB58B12B362C}"
EndProject
Global
	GlobalSection(SolutionConfigurationPlatforms) = preSolution
		Debug|Any CPU = Debug|Any CPU
		Release|Any CPU = Release|Any CPU
	EndGlobalSection
	GlobalSection(ProjectConfigurationPlatforms) = postSolution
		{5994CA20-4263-4669-B9D7-CB58B12B362C}.Debug|Any CPU.ActiveCfg = Debug|Any CPU
		{5994CA20-4263-4669-B9D7-CB58B12B362C}.Debug|Any CPU.Build.0 = Debug|Any CPU
		{5994CA20-4263-4669-B9D7-CB58B12B362C}.Release|Any CPU.ActiveCfg = Release|Any CPU
		{5994CA20-4263-4669-B9D7-CB58B12B362C}.Release|Any CPU.Build.0 = Release|Any CPU
	EndGlobalSection
	GlobalSection(SolutionProperties) = preSolution
		HideSolutionNode = FALSE
	EndGlobalSection
	GlobalSection(ExtensibilityGlobals) = postSolution
		SolutionGuid = {94DFC9FF-D4AE-42FA-A113-A27F69A4C6DC}
	EndGlobalSection
EndGlobal
