
Microsoft Visual Studio Solution File, Format Version 12.00
# Visual Studio Version 17
VisualStudioVersion = 17.10.35013.160
MinimumVisualStudioVersion = 10.0.40219.1
Project("{FAE04EC0-301F-11D3-BF4B-00C04F79EFBC}") = "ConsoleObjectReference1", "ConsoleObjectReference1.csproj", "{4191603A-9525-47AE-9DD3-F8CA7B5D847C}"
EndProject
Global
	GlobalSection(SolutionConfigurationPlatforms) = preSolution
		Debug|Any CPU = Debug|Any CPU
		Release|Any CPU = Release|Any CPU
	EndGlobalSection
	GlobalSection(ProjectConfigurationPlatforms) = postSolution
		{4191603A-9525-47AE-9DD3-F8CA7B5D847C}.Debug|Any CPU.ActiveCfg = Debug|Any CPU
		{4191603A-9525-47AE-9DD3-F8CA7B5D847C}.Debug|Any CPU.Build.0 = Debug|Any CPU
		{4191603A-9525-47AE-9DD3-F8CA7B5D847C}.Release|Any CPU.ActiveCfg = Release|Any CPU
		{4191603A-9525-47AE-9DD3-F8CA7B5D847C}.Release|Any CPU.Build.0 = Release|Any CPU
	EndGlobalSection
	GlobalSection(SolutionProperties) = preSolution
		HideSolutionNode = FALSE
	EndGlobalSection
	GlobalSection(ExtensibilityGlobals) = postSolution
		SolutionGuid = {AC3CAB74-A983-4772-842F-ED1416A6483C}
	EndGlobalSection
EndGlobal
