
Microsoft Visual Studio Solution File, Format Version 12.00
# Visual Studio Version 17
VisualStudioVersion = 17.10.35013.160
MinimumVisualStudioVersion = 10.0.40219.1
Project("{FAE04EC0-301F-11D3-BF4B-00C04F79EFBC}") = "华蓝Day02", "华蓝Day02.csproj", "{63CECE4D-C766-41BA-B22F-419215635AFF}"
EndProject
Project("{FAE04EC0-301F-11D3-BF4B-00C04F79EFBC}") = "3月31作业", "..\..\作业\3月31作业\3月31作业.csproj", "{7C048762-A3EE-4987-900D-BC9740F8F9AA}"
EndProject
Global
	GlobalSection(SolutionConfigurationPlatforms) = preSolution
		Debug|Any CPU = Debug|Any CPU
		Release|Any CPU = Release|Any CPU
	EndGlobalSection
	GlobalSection(ProjectConfigurationPlatforms) = postSolution
		{63CECE4D-C766-41BA-B22F-419215635AFF}.Debug|Any CPU.ActiveCfg = Debug|Any CPU
		{63CECE4D-C766-41BA-B22F-419215635AFF}.Debug|Any CPU.Build.0 = Debug|Any CPU
		{63CECE4D-C766-41BA-B22F-419215635AFF}.Release|Any CPU.ActiveCfg = Release|Any CPU
		{63CECE4D-C766-41BA-B22F-419215635AFF}.Release|Any CPU.Build.0 = Release|Any CPU
		{7C048762-A3EE-4987-900D-BC9740F8F9AA}.Debug|Any CPU.ActiveCfg = Debug|Any CPU
		{7C048762-A3EE-4987-900D-BC9740F8F9AA}.Debug|Any CPU.Build.0 = Debug|Any CPU
		{7C048762-A3EE-4987-900D-BC9740F8F9AA}.Release|Any CPU.ActiveCfg = Release|Any CPU
		{7C048762-A3EE-4987-900D-BC9740F8F9AA}.Release|Any CPU.Build.0 = Release|Any CPU
	EndGlobalSection
	GlobalSection(SolutionProperties) = preSolution
		HideSolutionNode = FALSE
	EndGlobalSection
	GlobalSection(ExtensibilityGlobals) = postSolution
		SolutionGuid = {52F1FD31-D39B-4DBD-AC1A-12726B66E7E3}
	EndGlobalSection
EndGlobal
