
Microsoft Visual Studio Solution File, Format Version 12.00
# Visual Studio Version 17
VisualStudioVersion = 17.10.35013.160
MinimumVisualStudioVersion = 10.0.40219.1
Project("{FAE04EC0-301F-11D3-BF4B-00C04F79EFBC}") = "面向对象1", "面向对象1.csproj", "{1A6CC676-FBDB-483A-9691-A5BF73A2A350}"
EndProject
Global
	GlobalSection(SolutionConfigurationPlatforms) = preSolution
		Debug|Any CPU = Debug|Any CPU
		Release|Any CPU = Release|Any CPU
	EndGlobalSection
	GlobalSection(ProjectConfigurationPlatforms) = postSolution
		{1A6CC676-FBDB-483A-9691-A5BF73A2A350}.Debug|Any CPU.ActiveCfg = Debug|Any CPU
		{1A6CC676-FBDB-483A-9691-A5BF73A2A350}.Debug|Any CPU.Build.0 = Debug|Any CPU
		{1A6CC676-FBDB-483A-9691-A5BF73A2A350}.Release|Any CPU.ActiveCfg = Release|Any CPU
		{1A6CC676-FBDB-483A-9691-A5BF73A2A350}.Release|Any CPU.Build.0 = Release|Any CPU
	EndGlobalSection
	GlobalSection(SolutionProperties) = preSolution
		HideSolutionNode = FALSE
	EndGlobalSection
	GlobalSection(ExtensibilityGlobals) = postSolution
		SolutionGuid = {0A884032-99E3-4C84-ADB9-B3F41664C651}
	EndGlobalSection
EndGlobal
